{
  "lockfile_version": "1",
  "packages": {
    "awscli2@2.17.42": {
      "last_modified": "2024-09-12T11:58:09Z",
      "resolved": "github:NixOS/nixpkgs/280db3decab4cbeb22a4599bd472229ab74d25e1#awscli2",
      "source": "devbox-search",
      "version": "2.17.42",
      "systems": {
        "aarch64-darwin": {
          "outputs": [
            {
              "name": "out",
              "path": "/nix/store/5xapsdxxjmrizxvzd1pw1k2bwkwszkv7-awscli2-2.17.42",
              "default": true
            },
            {
              "name": "dist",
              "path": "/nix/store/ah41rxhxdfrzfzx2nwkwf0imql2y6hf1-awscli2-2.17.42-dist"
            }
          ],
          "store_path": "/nix/store/5xapsdxxjmrizxvzd1pw1k2bwkwszkv7-awscli2-2.17.42"
        },
        "aarch64-linux": {
          "outputs": [
            {
              "name": "out",
              "path": "/nix/store/lbfgs16jagwwfjar7fjb80pis3h5bjkq-awscli2-2.17.42",
              "default": true
            },
            {
              "name": "dist",
              "path": "/nix/store/h1khiy2j37zjmh1chvv5d1zj8dq710mw-awscli2-2.17.42-dist"
            }
          ],
          "store_path": "/nix/store/lbfgs16jagwwfjar7fjb80pis3h5bjkq-awscli2-2.17.42"
        },
        "x86_64-darwin": {
          "outputs": [
            {
              "name": "out",
              "path": "/nix/store/npy2xic7r4wz15xh3zqsid3f1jpm3mg3-awscli2-2.17.42",
              "default": true
            },
            {
              "name": "dist",
              "path": "/nix/store/151ni8n1hvxv15rkgqwadbm91naa40wp-awscli2-2.17.42-dist"
            }
          ],
          "store_path": "/nix/store/npy2xic7r4wz15xh3zqsid3f1jpm3mg3-awscli2-2.17.42"
        },
        "x86_64-linux": {
          "outputs": [
            {
              "name": "out",
              "path": "/nix/store/r117s7nwnhs9sb1bj8f5al4ap8w61wmw-awscli2-2.17.42",
              "default": true
            },
            {
              "name": "dist",
              "path": "/nix/store/3gl6sps1az545kryw77dxbxdp4j20a87-awscli2-2.17.42-dist"
            }
          ],
          "store_path": "/nix/store/r117s7nwnhs9sb1bj8f5al4ap8w61wmw-awscli2-2.17.42"
        }
      }
    },
    "git@latest": {
      "last_modified": "2025-03-11T17:52:14Z",
      "resolved": "github:NixOS/nixpkgs/0d534853a55b5d02a4ababa1d71921ce8f0aee4c#git",
      "source": "devbox-search",
      "version": "2.48.1",
      "systems": {
        "aarch64-darwin": {
          "outputs": [
            {
              "name": "out",
              "path": "/nix/store/b3sci30zzzlj3rzj1y89cijnd6zcwapk-git-2.48.1",
              "default": true
            },
            {
              "name": "doc",
              "path": "/nix/store/086knqdw7fjgzczp0i6nad95s2v6jbya-git-2.48.1-doc"
            }
          ],
          "store_path": "/nix/store/b3sci30zzzlj3rzj1y89cijnd6zcwapk-git-2.48.1"
        },
        "aarch64-linux": {
          "outputs": [
            {
              "name": "out",
              "path": "/nix/store/pck1dr5jxrd5b8nmfasbn13z422jhcfm-git-2.48.1",
              "default": true
            },
            {
              "name": "debug",
              "path": "/nix/store/xqqsvzlilh843rm6knykyng81apapr33-git-2.48.1-debug"
            },
            {
              "name": "doc",
              "path": "/nix/store/485b32ys0s2dvjfisn7405ildmpqvfzk-git-2.48.1-doc"
            }
          ],
          "store_path": "/nix/store/pck1dr5jxrd5b8nmfasbn13z422jhcfm-git-2.48.1"
        },
        "x86_64-darwin": {
          "outputs": [
            {
              "name": "out",
              "path": "/nix/store/9qjzgsf9mvdp6sfd7xyzhgrahl2qhhp6-git-2.48.1",
              "default": true
            },
            {
              "name": "doc",
              "path": "/nix/store/cgv7qa0ix059ma9a0qac0bywfvl3k7k2-git-2.48.1-doc"
            }
          ],
          "store_path": "/nix/store/9qjzgsf9mvdp6sfd7xyzhgrahl2qhhp6-git-2.48.1"
        },
        "x86_64-linux": {
          "outputs": [
            {
              "name": "out",
              "path": "/nix/store/lqx2rv26sdndpa2vyy2vxsahj03km69z-git-2.48.1",
              "default": true
            },
            {
              "name": "doc",
              "path": "/nix/store/hjczhs1dm3hzij7mx5c91rkzqvkb89av-git-2.48.1-doc"
            },
            {
              "name": "debug",
              "path": "/nix/store/bk8xndavdnc2qgyvc6hcc8h29lk9jzqb-git-2.48.1-debug"
            }
          ],
          "store_path": "/nix/store/lqx2rv26sdndpa2vyy2vxsahj03km69z-git-2.48.1"
        }
      }
    },
    "github:NixOS/nixpkgs/nixpkgs-unstable": {
      "resolved": "github:NixOS/nixpkgs/18dd725c29603f582cf1900e0d25f9f1063dbf11?lastModified=1744536153&narHash=sha256-awS2zRgF4uTwrOKwwiJcByDzDOdo3Q1rPZbiHQg%2FN38%3D"
    },
    "pre-commit@4.0.1": {
      "last_modified": "2025-04-12T15:53:49Z",
      "resolved": "github:NixOS/nixpkgs/52d0eded529af34e91df6b2a2bc32eb636637cd2#pre-commit",
      "source": "devbox-search",
      "version": "4.0.1",
      "systems": {
        "aarch64-darwin": {
          "outputs": [
            {
              "name": "out",
              "path": "/nix/store/4dz8x71gmbagvzzbz336dqjwdbr1izic-pre-commit-4.0.1",
              "default": true
            },
            {
              "name": "dist",
              "path": "/nix/store/6myipd2b1wgn0afx9g9la7i0vadzxjx4-pre-commit-4.0.1-dist"
            }
          ],
          "store_path": "/nix/store/4dz8x71gmbagvzzbz336dqjwdbr1izic-pre-commit-4.0.1"
        },
        "aarch64-linux": {
          "outputs": [
            {
              "name": "out",
              "path": "/nix/store/09s40i8ffhwpslya7fn7ixamr5mqj901-pre-commit-4.0.1",
              "default": true
            },
            {
              "name": "dist",
              "path": "/nix/store/2lsa610w8ckvw6s46mn3ihkdngjh7q33-pre-commit-4.0.1-dist"
            }
          ],
          "store_path": "/nix/store/09s40i8ffhwpslya7fn7ixamr5mqj901-pre-commit-4.0.1"
        },
        "x86_64-darwin": {
          "outputs": [
            {
              "name": "out",
              "path": "/nix/store/bmc1ia5c2vm5dd56s0123adn096g6amc-pre-commit-4.0.1",
              "default": true
            },
            {
              "name": "dist",
              "path": "/nix/store/9zyngsixvlg1ncw0690wsc93150n6x29-pre-commit-4.0.1-dist"
            }
          ],
          "store_path": "/nix/store/bmc1ia5c2vm5dd56s0123adn096g6amc-pre-commit-4.0.1"
        },
        "x86_64-linux": {
          "outputs": [
            {
              "name": "out",
              "path": "/nix/store/ym281lpaz32pfn6b2iyh579gkrnp9blh-pre-commit-4.0.1",
              "default": true
            },
            {
              "name": "dist",
              "path": "/nix/store/v3fi66mzifgvxljwny0rx8xxr6ajyz53-pre-commit-4.0.1-dist"
            }
          ],
          "store_path": "/nix/store/ym281lpaz32pfn6b2iyh579gkrnp9blh-pre-commit-4.0.1"
        }
      }
    },
    "terraform-docs@0.19.0": {
      "last_modified": "2025-03-23T14:04:58Z",
      "resolved": "github:NixOS/nixpkgs/f3a2a0601e9669a6e38af25b46ce6c4563bcb6da#terraform-docs",
      "source": "devbox-search",
      "version": "0.19.0",
      "systems": {
        "aarch64-darwin": {
          "outputs": [
            {
              "name": "out",
              "path": "/nix/store/kgj8010azjs78amzm7kz4nvi4kjcky6y-terraform-docs-0.19.0",
              "default": true
            }
          ],
          "store_path": "/nix/store/kgj8010azjs78amzm7kz4nvi4kjcky6y-terraform-docs-0.19.0"
        },
        "aarch64-linux": {
          "outputs": [
            {
              "name": "out",
              "path": "/nix/store/gx50ndypnvc660k5qy666368jvwiq2f9-terraform-docs-0.19.0",
              "default": true
            }
          ],
          "store_path": "/nix/store/gx50ndypnvc660k5qy666368jvwiq2f9-terraform-docs-0.19.0"
        },
        "x86_64-darwin": {
          "outputs": [
            {
              "name": "out",
              "path": "/nix/store/87yrqmi92zyc0zk0r237vh182kxm5giy-terraform-docs-0.19.0",
              "default": true
            }
          ],
          "store_path": "/nix/store/87yrqmi92zyc0zk0r237vh182kxm5giy-terraform-docs-0.19.0"
        },
        "x86_64-linux": {
          "outputs": [
            {
              "name": "out",
              "path": "/nix/store/wd2c1qgpqfg6xlhcmwk7lmriwwwfgm7d-terraform-docs-0.19.0",
              "default": true
            }
          ],
          "store_path": "/nix/store/wd2c1qgpqfg6xlhcmwk7lmriwwwfgm7d-terraform-docs-0.19.0"
        }
      }
    },
    "terraform@1.11.4": {
      "last_modified": "2025-04-10T20:20:34Z",
      "resolved": "github:NixOS/nixpkgs/d19cf9dfc633816a437204555afeb9e722386b76#terraform",
      "source": "devbox-search",
      "version": "1.11.4",
      "systems": {
        "aarch64-darwin": {
          "outputs": [
            {
              "name": "out",
              "path": "/nix/store/46l1vs4h00h1y3n3xxwzab0a16mawfcs-terraform-1.11.4",
              "default": true
            }
          ],
          "store_path": "/nix/store/46l1vs4h00h1y3n3xxwzab0a16mawfcs-terraform-1.11.4"
        },
        "aarch64-linux": {
          "outputs": [
            {
              "name": "out",
              "path": "/nix/store/knyqig364fi94f3z33q47jawv9b4h4sy-terraform-1.11.4",
              "default": true
            }
          ],
          "store_path": "/nix/store/knyqig364fi94f3z33q47jawv9b4h4sy-terraform-1.11.4"
        },
        "x86_64-darwin": {
          "outputs": [
            {
              "name": "out",
              "path": "/nix/store/9w7xlspipmx4kal4bagqnf76h0wv8lx8-terraform-1.11.4",
              "default": true
            }
          ],
          "store_path": "/nix/store/9w7xlspipmx4kal4bagqnf76h0wv8lx8-terraform-1.11.4"
        },
        "x86_64-linux": {
          "outputs": [
            {
              "name": "out",
              "path": "/nix/store/xlg2aqgy2fwilpfnla4313f39vs0hhmb-terraform-1.11.4",
              "default": true
            }
          ],
          "store_path": "/nix/store/xlg2aqgy2fwilpfnla4313f39vs0hhmb-terraform-1.11.4"
        }
      }
    },
    "tflint@0.55.1": {
      "last_modified": "2025-03-23T05:31:05Z",
      "resolved": "github:NixOS/nixpkgs/dd613136ee91f67e5dba3f3f41ac99ae89c5406b#tflint",
      "source": "devbox-search",
      "version": "0.55.1",
      "systems": {
        "aarch64-darwin": {
          "outputs": [
            {
              "name": "out",
              "path": "/nix/store/5p7jq3sn4qq7xgk6kxhap5ifnw5qxsd9-tflint-0.55.1",
              "default": true
            }
          ],
          "store_path": "/nix/store/5p7jq3sn4qq7xgk6kxhap5ifnw5qxsd9-tflint-0.55.1"
        },
        "aarch64-linux": {
          "outputs": [
            {
              "name": "out",
              "path": "/nix/store/z3ssap20px8rjgq0rj7yjzppav8r8qc7-tflint-0.55.1",
              "default": true
            }
          ],
          "store_path": "/nix/store/z3ssap20px8rjgq0rj7yjzppav8r8qc7-tflint-0.55.1"
        },
        "x86_64-darwin": {
          "outputs": [
            {
              "name": "out",
              "path": "/nix/store/ym2hq31ynpg1v2cx62avwdlnzhx4z6zm-tflint-0.55.1",
              "default": true
            }
          ],
          "store_path": "/nix/store/ym2hq31ynpg1v2cx62avwdlnzhx4z6zm-tflint-0.55.1"
        },
        "x86_64-linux": {
          "outputs": [
            {
              "name": "out",
              "path": "/nix/store/vdlx3gjr86pjf99a6rybs3ijd6frp474-tflint-0.55.1",
              "default": true
            }
          ],
          "store_path": "/nix/store/vdlx3gjr86pjf99a6rybs3ijd6frp474-tflint-0.55.1"
        }
      }
    },
    "trivy@0.61.0": {
      "last_modified": "2025-03-29T14:41:00Z",
      "resolved": "github:NixOS/nixpkgs/eb0e0f21f15c559d2ac7633dc81d079d1caf5f5f#trivy",
      "source": "devbox-search",
      "version": "0.61.0",
      "systems": {
        "aarch64-darwin": {
          "outputs": [
            {
              "name": "out",
              "path": "/nix/store/rwz564pk5yrr0afignkbc39dfh7wnlzn-trivy-0.61.0",
              "default": true
            }
          ],
          "store_path": "/nix/store/rwz564pk5yrr0afignkbc39dfh7wnlzn-trivy-0.61.0"
        },
        "aarch64-linux": {
          "outputs": [
            {
              "name": "out",
              "path": "/nix/store/75i57mf7cf7xhc4x59lc28cri1p1jg72-trivy-0.61.0",
              "default": true
            }
          ],
          "store_path": "/nix/store/75i57mf7cf7xhc4x59lc28cri1p1jg72-trivy-0.61.0"
        },
        "x86_64-darwin": {
          "outputs": [
            {
              "name": "out",
              "path": "/nix/store/z94928ibavpn6vnj1zd6gri2kclqvfak-trivy-0.61.0",
              "default": true
            }
          ],
          "store_path": "/nix/store/z94928ibavpn6vnj1zd6gri2kclqvfak-trivy-0.61.0"
        },
        "x86_64-linux": {
          "outputs": [
            {
              "name": "out",
              "path": "/nix/store/disbh1bpwks8c7y8p08q3swn172gi9nw-trivy-0.61.0",
              "default": true
            }
          ],
          "store_path": "/nix/store/disbh1bpwks8c7y8p08q3swn172gi9nw-trivy-0.61.0"
        }
      }
    }
  }
}
